
Microsoft Visual Studio Solution File, Format Version 12.00
# Visual Studio Version 17
VisualStudioVersion = 17.7.34202.233
MinimumVisualStudioVersion = 10.0.40219.1
Project("{FAE04EC0-301F-11D3-BF4B-00C04F79EFBC}") = "WebApplication5", "WebApplication5.csproj", "{BE4FEBE7-AAEA-4980-B367-C2D2FF5B1A50}"
EndProject
Global
	GlobalSection(SolutionConfigurationPlatforms) = preSolution
		Debug|Any CPU = Debug|Any CPU
		Release|Any CPU = Release|Any CPU
	EndGlobalSection
	GlobalSection(ProjectConfigurationPlatforms) = postSolution
		{BE4FEBE7-AAEA-4980-B367-C2D2FF5B1A50}.Debug|Any CPU.ActiveCfg = Debug|Any CPU
		{BE4FEBE7-AAEA-4980-B367-C2D2FF5B1A50}.Debug|Any CPU.Build.0 = Debug|Any CPU
		{BE4FEBE7-AAEA-4980-B367-C2D2FF5B1A50}.Release|Any CPU.ActiveCfg = Release|Any CPU
		{BE4FEBE7-AAEA-4980-B367-C2D2FF5B1A50}.Release|Any CPU.Build.0 = Release|Any CPU
	EndGlobalSection
	GlobalSection(SolutionProperties) = preSolution
		HideSolutionNode = FALSE
	EndGlobalSection
	GlobalSection(ExtensibilityGlobals) = postSolution
		SolutionGuid = {40E4D093-3515-4C2F-B21A-08D2782F2EEF}
	EndGlobalSection
EndGlobal
